
Microsoft Visual Studio Solution File, Format Version 12.00
# Visual Studio Version 17
VisualStudioVersion = 17.5.33424.131
MinimumVisualStudioVersion = 10.0.40219.1
Project("{FAE04EC0-301F-11D3-BF4B-00C04F79EFBC}") = "BrandPulse.SocialMediaData.API", "BrandPulse.SocialMediaData.API\BrandPulse.SocialMediaData.API.csproj", "{4D431ACA-7044-47C3-9C36-601210BC014A}"
EndProject
Global
	GlobalSection(SolutionConfigurationPlatforms) = preSolution
		Debug|Any CPU = Debug|Any CPU
		Release|Any CPU = Release|Any CPU
	EndGlobalSection
	GlobalSection(ProjectConfigurationPlatforms) = postSolution
		{4D431ACA-7044-47C3-9C36-601210BC014A}.Debug|Any CPU.ActiveCfg = Debug|Any CPU
		{4D431ACA-7044-47C3-9C36-601210BC014A}.Debug|Any CPU.Build.0 = Debug|Any CPU
		{4D431ACA-7044-47C3-9C36-601210BC014A}.Release|Any CPU.ActiveCfg = Release|Any CPU
		{4D431ACA-7044-47C3-9C36-601210BC014A}.Release|Any CPU.Build.0 = Release|Any CPU
	EndGlobalSection
	GlobalSection(SolutionProperties) = preSolution
		HideSolutionNode = FALSE
	EndGlobalSection
	GlobalSection(ExtensibilityGlobals) = postSolution
		SolutionGuid = {778375A3-9B8B-44D4-AE10-B5BA3F875C45}
	EndGlobalSection
EndGlobal
