
Microsoft Visual Studio Solution File, Format Version 12.00
# Visual Studio Version 17
VisualStudioVersion = 17.5.33424.131
MinimumVisualStudioVersion = 10.0.40219.1
Project("{9A19103F-16F7-4668-BE54-9A1E7A4F7556}") = "BrandPulse.API", "BrandPulse.SocialMediaData.API\BrandPulse.API.csproj", "{4D431ACA-7044-47C3-9C36-601210BC014A}"
EndProject
Project("{9A19103F-16F7-4668-BE54-9A1E7A4F7556}") = "BrandPulse.Transform.Worker", "BrandPulse.SocialMediaData.TransformWorker\BrandPulse.Transform.Worker.csproj", "{0B10A9DD-7DA2-4FBE-9CA8-F0402BAF26EF}"
EndProject
Project("{9A19103F-16F7-4668-BE54-9A1E7A4F7556}") = "BrandPulse.Domain", "BrandPulse.Common\BrandPulse.Domain.csproj", "{24463B3E-CCE8-40D0-BDE8-CD5221148CCB}"
EndProject
Project("{2150E333-8FDC-42A3-9474-1A3956D46DE8}") = "src", "src", "{EBA384B5-A75B-4E4A-A0DD-0F430BA6880C}"
EndProject
Project("{2150E333-8FDC-42A3-9474-1A3956D46DE8}") = "API", "API", "{6C8C197F-9080-4141-8B9F-F1CB5049C51A}"
EndProject
Project("{2150E333-8FDC-42A3-9474-1A3956D46DE8}") = "Core", "Core", "{7FE7FD7B-8C59-415F-B7FC-9F8AFB82AE83}"
EndProject
Project("{2150E333-8FDC-42A3-9474-1A3956D46DE8}") = "Infrastructure", "Infrastructure", "{6BE9ED7B-0B83-4047-8DC5-C30D4235980A}"
EndProject
Project("{2150E333-8FDC-42A3-9474-1A3956D46DE8}") = "WorkerServices", "WorkerServices", "{91A00C14-2FFF-4C00-8726-7210CB6A0173}"
EndProject
Project("{2150E333-8FDC-42A3-9474-1A3956D46DE8}") = "DataScience", "DataScience", "{3CF3BF48-C3B7-4FFC-A777-C4EE1C8EA7DF}"
EndProject
Project("{9A19103F-16F7-4668-BE54-9A1E7A4F7556}") = "BrandPulse.Persistence", "BrandPulse.Data.Persistence\BrandPulse.Persistence.csproj", "{43C62B4D-F812-4B7C-85EC-A8CB52C1014C}"
EndProject
Project("{9A19103F-16F7-4668-BE54-9A1E7A4F7556}") = "BrandPulse.HttpServices", "BrandPulse.HttpService\BrandPulse.HttpServices.csproj", "{98BB4964-AA65-45C9-BA7F-464D1D3AF139}"
EndProject
Project("{FAE04EC0-301F-11D3-BF4B-00C04F79EFBC}") = "BrandPulse.Application", "BrandPulse.Application\BrandPulse.Application.csproj", "{808B629E-9C75-4469-967F-E74B1B5AEC79}"
EndProject
Global
	GlobalSection(SolutionConfigurationPlatforms) = preSolution
		Debug|Any CPU = Debug|Any CPU
		Release|Any CPU = Release|Any CPU
	EndGlobalSection
	GlobalSection(ProjectConfigurationPlatforms) = postSolution
		{4D431ACA-7044-47C3-9C36-601210BC014A}.Debug|Any CPU.ActiveCfg = Debug|Any CPU
		{4D431ACA-7044-47C3-9C36-601210BC014A}.Debug|Any CPU.Build.0 = Debug|Any CPU
		{4D431ACA-7044-47C3-9C36-601210BC014A}.Release|Any CPU.ActiveCfg = Release|Any CPU
		{4D431ACA-7044-47C3-9C36-601210BC014A}.Release|Any CPU.Build.0 = Release|Any CPU
		{0B10A9DD-7DA2-4FBE-9CA8-F0402BAF26EF}.Debug|Any CPU.ActiveCfg = Debug|Any CPU
		{0B10A9DD-7DA2-4FBE-9CA8-F0402BAF26EF}.Debug|Any CPU.Build.0 = Debug|Any CPU
		{0B10A9DD-7DA2-4FBE-9CA8-F0402BAF26EF}.Release|Any CPU.ActiveCfg = Release|Any CPU
		{0B10A9DD-7DA2-4FBE-9CA8-F0402BAF26EF}.Release|Any CPU.Build.0 = Release|Any CPU
		{24463B3E-CCE8-40D0-BDE8-CD5221148CCB}.Debug|Any CPU.ActiveCfg = Debug|Any CPU
		{24463B3E-CCE8-40D0-BDE8-CD5221148CCB}.Debug|Any CPU.Build.0 = Debug|Any CPU
		{24463B3E-CCE8-40D0-BDE8-CD5221148CCB}.Release|Any CPU.ActiveCfg = Release|Any CPU
		{24463B3E-CCE8-40D0-BDE8-CD5221148CCB}.Release|Any CPU.Build.0 = Release|Any CPU
		{43C62B4D-F812-4B7C-85EC-A8CB52C1014C}.Debug|Any CPU.ActiveCfg = Debug|Any CPU
		{43C62B4D-F812-4B7C-85EC-A8CB52C1014C}.Debug|Any CPU.Build.0 = Debug|Any CPU
		{43C62B4D-F812-4B7C-85EC-A8CB52C1014C}.Release|Any CPU.ActiveCfg = Release|Any CPU
		{43C62B4D-F812-4B7C-85EC-A8CB52C1014C}.Release|Any CPU.Build.0 = Release|Any CPU
		{98BB4964-AA65-45C9-BA7F-464D1D3AF139}.Debug|Any CPU.ActiveCfg = Debug|Any CPU
		{98BB4964-AA65-45C9-BA7F-464D1D3AF139}.Debug|Any CPU.Build.0 = Debug|Any CPU
		{98BB4964-AA65-45C9-BA7F-464D1D3AF139}.Release|Any CPU.ActiveCfg = Release|Any CPU
		{98BB4964-AA65-45C9-BA7F-464D1D3AF139}.Release|Any CPU.Build.0 = Release|Any CPU
		{808B629E-9C75-4469-967F-E74B1B5AEC79}.Debug|Any CPU.ActiveCfg = Debug|Any CPU
		{808B629E-9C75-4469-967F-E74B1B5AEC79}.Debug|Any CPU.Build.0 = Debug|Any CPU
		{808B629E-9C75-4469-967F-E74B1B5AEC79}.Release|Any CPU.ActiveCfg = Release|Any CPU
		{808B629E-9C75-4469-967F-E74B1B5AEC79}.Release|Any CPU.Build.0 = Release|Any CPU
	EndGlobalSection
	GlobalSection(SolutionProperties) = preSolution
		HideSolutionNode = FALSE
	EndGlobalSection
	GlobalSection(NestedProjects) = preSolution
		{4D431ACA-7044-47C3-9C36-601210BC014A} = {6C8C197F-9080-4141-8B9F-F1CB5049C51A}
		{0B10A9DD-7DA2-4FBE-9CA8-F0402BAF26EF} = {91A00C14-2FFF-4C00-8726-7210CB6A0173}
		{24463B3E-CCE8-40D0-BDE8-CD5221148CCB} = {7FE7FD7B-8C59-415F-B7FC-9F8AFB82AE83}
		{6C8C197F-9080-4141-8B9F-F1CB5049C51A} = {EBA384B5-A75B-4E4A-A0DD-0F430BA6880C}
		{7FE7FD7B-8C59-415F-B7FC-9F8AFB82AE83} = {EBA384B5-A75B-4E4A-A0DD-0F430BA6880C}
		{6BE9ED7B-0B83-4047-8DC5-C30D4235980A} = {EBA384B5-A75B-4E4A-A0DD-0F430BA6880C}
		{91A00C14-2FFF-4C00-8726-7210CB6A0173} = {EBA384B5-A75B-4E4A-A0DD-0F430BA6880C}
		{3CF3BF48-C3B7-4FFC-A777-C4EE1C8EA7DF} = {EBA384B5-A75B-4E4A-A0DD-0F430BA6880C}
		{43C62B4D-F812-4B7C-85EC-A8CB52C1014C} = {6BE9ED7B-0B83-4047-8DC5-C30D4235980A}
		{98BB4964-AA65-45C9-BA7F-464D1D3AF139} = {6BE9ED7B-0B83-4047-8DC5-C30D4235980A}
		{808B629E-9C75-4469-967F-E74B1B5AEC79} = {7FE7FD7B-8C59-415F-B7FC-9F8AFB82AE83}
	EndGlobalSection
	GlobalSection(ExtensibilityGlobals) = postSolution
		SolutionGuid = {778375A3-9B8B-44D4-AE10-B5BA3F875C45}
	EndGlobalSection
EndGlobal
