
Microsoft Visual Studio Solution File, Format Version 12.00
# Visual Studio Version 17
VisualStudioVersion = 17.5.33424.131
MinimumVisualStudioVersion = 10.0.40219.1
Project("{2150E333-8FDC-42A3-9474-1A3956D46DE8}") = "src", "src", "{EBA384B5-A75B-4E4A-A0DD-0F430BA6880C}"
EndProject
Project("{2150E333-8FDC-42A3-9474-1A3956D46DE8}") = "API", "API", "{6C8C197F-9080-4141-8B9F-F1CB5049C51A}"
EndProject
Project("{2150E333-8FDC-42A3-9474-1A3956D46DE8}") = "Core", "Core", "{7FE7FD7B-8C59-415F-B7FC-9F8AFB82AE83}"
EndProject
Project("{2150E333-8FDC-42A3-9474-1A3956D46DE8}") = "Infrastructure", "Infrastructure", "{6BE9ED7B-0B83-4047-8DC5-C30D4235980A}"
EndProject
Project("{2150E333-8FDC-42A3-9474-1A3956D46DE8}") = "WorkerServices", "WorkerServices", "{91A00C14-2FFF-4C00-8726-7210CB6A0173}"
EndProject
Project("{2150E333-8FDC-42A3-9474-1A3956D46DE8}") = "DataScience", "DataScience", "{3CF3BF48-C3B7-4FFC-A777-C4EE1C8EA7DF}"
EndProject
Project("{9A19103F-16F7-4668-BE54-9A1E7A4F7556}") = "TermPulse.Domain", "src\Core\TermPulse.Domain\TermPulse.Domain.csproj", "{23880C3E-5144-460D-9E5F-EBB3E621E025}"
EndProject
Project("{9A19103F-16F7-4668-BE54-9A1E7A4F7556}") = "TermPulse.Application", "src\Core\TermPulse.Application\TermPulse.Application.csproj", "{C05FE3CA-FA16-48EA-8549-ADAB743CBE5F}"
EndProject
Project("{9A19103F-16F7-4668-BE54-9A1E7A4F7556}") = "TermPulse.API", "src\API\TermPulse.API\TermPulse.API.csproj", "{A99F3969-AFC1-4320-B700-6C9625AE4F47}"
EndProject
Project("{9A19103F-16F7-4668-BE54-9A1E7A4F7556}") = "TermPulse.ML", "src\DataScience\TermPulse.ML\TermPulse.ML.csproj", "{3A941CAF-FE1D-43EB-82C8-C194F99C36FC}"
EndProject
Project("{9A19103F-16F7-4668-BE54-9A1E7A4F7556}") = "TermPulse.MessagingBus", "src\Infrastructure\TermPulse.MessagingBus\TermPulse.MessagingBus.csproj", "{458291E3-2B0A-4356-B698-5C196769685E}"
EndProject
Project("{9A19103F-16F7-4668-BE54-9A1E7A4F7556}") = "TermPulse.HttpServices", "src\Infrastructure\TermPulse.HttpService\TermPulse.HttpServices.csproj", "{5FDF599F-A4E3-49DA-9D4C-46979D17D670}"
EndProject
Project("{9A19103F-16F7-4668-BE54-9A1E7A4F7556}") = "TermPulse.ETL.Worker", "src\WorkerServices\TermPulse.ETL.Worker\TermPulse.ETL.Worker.csproj", "{2A2C1388-DA46-41A8-8A8E-61D03B7FF6DE}"
EndProject
Project("{9A19103F-16F7-4668-BE54-9A1E7A4F7556}") = "TermPulse.ML.Worker", "src\WorkerServices\TermPulse.ML.Worker\TermPulse.ML.Worker.csproj", "{62D3ADA5-F81C-4FB1-888E-8AF422663135}"
EndProject
Project("{9A19103F-16F7-4668-BE54-9A1E7A4F7556}") = "TermPulse.Persistence", "src\Infrastructure\TermPulse.Persistence\TermPulse.Persistence.csproj", "{C90DE32F-17CE-4FB0-A9E1-5B31ED912D50}"
EndProject
Global
	GlobalSection(SolutionConfigurationPlatforms) = preSolution
		Debug|Any CPU = Debug|Any CPU
		Release|Any CPU = Release|Any CPU
	EndGlobalSection
	GlobalSection(ProjectConfigurationPlatforms) = postSolution
		{23880C3E-5144-460D-9E5F-EBB3E621E025}.Debug|Any CPU.ActiveCfg = Debug|Any CPU
		{23880C3E-5144-460D-9E5F-EBB3E621E025}.Debug|Any CPU.Build.0 = Debug|Any CPU
		{23880C3E-5144-460D-9E5F-EBB3E621E025}.Release|Any CPU.ActiveCfg = Release|Any CPU
		{23880C3E-5144-460D-9E5F-EBB3E621E025}.Release|Any CPU.Build.0 = Release|Any CPU
		{C05FE3CA-FA16-48EA-8549-ADAB743CBE5F}.Debug|Any CPU.ActiveCfg = Debug|Any CPU
		{C05FE3CA-FA16-48EA-8549-ADAB743CBE5F}.Debug|Any CPU.Build.0 = Debug|Any CPU
		{C05FE3CA-FA16-48EA-8549-ADAB743CBE5F}.Release|Any CPU.ActiveCfg = Release|Any CPU
		{C05FE3CA-FA16-48EA-8549-ADAB743CBE5F}.Release|Any CPU.Build.0 = Release|Any CPU
		{A99F3969-AFC1-4320-B700-6C9625AE4F47}.Debug|Any CPU.ActiveCfg = Debug|Any CPU
		{A99F3969-AFC1-4320-B700-6C9625AE4F47}.Debug|Any CPU.Build.0 = Debug|Any CPU
		{A99F3969-AFC1-4320-B700-6C9625AE4F47}.Release|Any CPU.ActiveCfg = Release|Any CPU
		{A99F3969-AFC1-4320-B700-6C9625AE4F47}.Release|Any CPU.Build.0 = Release|Any CPU
		{3A941CAF-FE1D-43EB-82C8-C194F99C36FC}.Debug|Any CPU.ActiveCfg = Debug|Any CPU
		{3A941CAF-FE1D-43EB-82C8-C194F99C36FC}.Debug|Any CPU.Build.0 = Debug|Any CPU
		{3A941CAF-FE1D-43EB-82C8-C194F99C36FC}.Release|Any CPU.ActiveCfg = Release|Any CPU
		{3A941CAF-FE1D-43EB-82C8-C194F99C36FC}.Release|Any CPU.Build.0 = Release|Any CPU
		{458291E3-2B0A-4356-B698-5C196769685E}.Debug|Any CPU.ActiveCfg = Debug|Any CPU
		{458291E3-2B0A-4356-B698-5C196769685E}.Debug|Any CPU.Build.0 = Debug|Any CPU
		{458291E3-2B0A-4356-B698-5C196769685E}.Release|Any CPU.ActiveCfg = Release|Any CPU
		{458291E3-2B0A-4356-B698-5C196769685E}.Release|Any CPU.Build.0 = Release|Any CPU
		{5FDF599F-A4E3-49DA-9D4C-46979D17D670}.Debug|Any CPU.ActiveCfg = Debug|Any CPU
		{5FDF599F-A4E3-49DA-9D4C-46979D17D670}.Debug|Any CPU.Build.0 = Debug|Any CPU
		{5FDF599F-A4E3-49DA-9D4C-46979D17D670}.Release|Any CPU.ActiveCfg = Release|Any CPU
		{5FDF599F-A4E3-49DA-9D4C-46979D17D670}.Release|Any CPU.Build.0 = Release|Any CPU
		{2A2C1388-DA46-41A8-8A8E-61D03B7FF6DE}.Debug|Any CPU.ActiveCfg = Debug|Any CPU
		{2A2C1388-DA46-41A8-8A8E-61D03B7FF6DE}.Debug|Any CPU.Build.0 = Debug|Any CPU
		{2A2C1388-DA46-41A8-8A8E-61D03B7FF6DE}.Release|Any CPU.ActiveCfg = Release|Any CPU
		{2A2C1388-DA46-41A8-8A8E-61D03B7FF6DE}.Release|Any CPU.Build.0 = Release|Any CPU
		{62D3ADA5-F81C-4FB1-888E-8AF422663135}.Debug|Any CPU.ActiveCfg = Debug|Any CPU
		{62D3ADA5-F81C-4FB1-888E-8AF422663135}.Debug|Any CPU.Build.0 = Debug|Any CPU
		{62D3ADA5-F81C-4FB1-888E-8AF422663135}.Release|Any CPU.ActiveCfg = Release|Any CPU
		{62D3ADA5-F81C-4FB1-888E-8AF422663135}.Release|Any CPU.Build.0 = Release|Any CPU
		{C90DE32F-17CE-4FB0-A9E1-5B31ED912D50}.Debug|Any CPU.ActiveCfg = Debug|Any CPU
		{C90DE32F-17CE-4FB0-A9E1-5B31ED912D50}.Debug|Any CPU.Build.0 = Debug|Any CPU
		{C90DE32F-17CE-4FB0-A9E1-5B31ED912D50}.Release|Any CPU.ActiveCfg = Release|Any CPU
		{C90DE32F-17CE-4FB0-A9E1-5B31ED912D50}.Release|Any CPU.Build.0 = Release|Any CPU
	EndGlobalSection
	GlobalSection(SolutionProperties) = preSolution
		HideSolutionNode = FALSE
	EndGlobalSection
	GlobalSection(NestedProjects) = preSolution
		{6C8C197F-9080-4141-8B9F-F1CB5049C51A} = {EBA384B5-A75B-4E4A-A0DD-0F430BA6880C}
		{7FE7FD7B-8C59-415F-B7FC-9F8AFB82AE83} = {EBA384B5-A75B-4E4A-A0DD-0F430BA6880C}
		{6BE9ED7B-0B83-4047-8DC5-C30D4235980A} = {EBA384B5-A75B-4E4A-A0DD-0F430BA6880C}
		{91A00C14-2FFF-4C00-8726-7210CB6A0173} = {EBA384B5-A75B-4E4A-A0DD-0F430BA6880C}
		{3CF3BF48-C3B7-4FFC-A777-C4EE1C8EA7DF} = {EBA384B5-A75B-4E4A-A0DD-0F430BA6880C}
		{23880C3E-5144-460D-9E5F-EBB3E621E025} = {7FE7FD7B-8C59-415F-B7FC-9F8AFB82AE83}
		{C05FE3CA-FA16-48EA-8549-ADAB743CBE5F} = {7FE7FD7B-8C59-415F-B7FC-9F8AFB82AE83}
		{A99F3969-AFC1-4320-B700-6C9625AE4F47} = {6C8C197F-9080-4141-8B9F-F1CB5049C51A}
		{3A941CAF-FE1D-43EB-82C8-C194F99C36FC} = {3CF3BF48-C3B7-4FFC-A777-C4EE1C8EA7DF}
		{458291E3-2B0A-4356-B698-5C196769685E} = {6BE9ED7B-0B83-4047-8DC5-C30D4235980A}
		{5FDF599F-A4E3-49DA-9D4C-46979D17D670} = {6BE9ED7B-0B83-4047-8DC5-C30D4235980A}
		{2A2C1388-DA46-41A8-8A8E-61D03B7FF6DE} = {91A00C14-2FFF-4C00-8726-7210CB6A0173}
		{62D3ADA5-F81C-4FB1-888E-8AF422663135} = {91A00C14-2FFF-4C00-8726-7210CB6A0173}
		{C90DE32F-17CE-4FB0-A9E1-5B31ED912D50} = {6BE9ED7B-0B83-4047-8DC5-C30D4235980A}
	EndGlobalSection
	GlobalSection(ExtensibilityGlobals) = postSolution
		SolutionGuid = {778375A3-9B8B-44D4-AE10-B5BA3F875C45}
	EndGlobalSection
EndGlobal
